# This file is automatically @generated by Cargo.
# It is not intended for manual editing.
version = 3

[[package]]
name = "advent_2015_1"
version = "0.1.0"
dependencies = [
 "shared_lib",
]

[[package]]
name = "advent_2015_2"
version = "0.1.0"
dependencies = [
 "shared_lib",
]

[[package]]
name = "advent_2015_3"
version = "0.1.0"
dependencies = [
 "shared_lib",
]

[[package]]
name = "advent_2015_3_2"
version = "0.1.0"
dependencies = [
 "shared_lib",
]

[[package]]
name = "shared_lib"
version = "0.1.0"
